
Microsoft Visual Studio Solution File, Format Version 12.00
# Visual Studio Version 17
VisualStudioVersion = 17.0.31903.59
MinimumVisualStudioVersion = 10.0.40219.1
Project("{9A19103F-16F7-4668-BE54-9A1E7A4F7556}") = "Guess the number game", "Guess the number  game\Guess the number game.csproj", "{A5BD4F70-366D-4F32-9F89-FEC04D26DB95}"
EndProject
Project("{9A19103F-16F7-4668-BE54-9A1E7A4F7556}") = "Lessons practies 1", "Lessons practies 1\Lessons practies 1.csproj", "{8B443702-FDBB-4953-9203-776EA7D0F798}"
EndProject
Project("{9A19103F-16F7-4668-BE54-9A1E7A4F7556}") = "DeckOfCards", "DeckOfCards\DeckOfCards.csproj", "{9FCB4683-72B0-40B6-B275-55C949DDFB51}"
EndProject
Project("{9A19103F-16F7-4668-BE54-9A1E7A4F7556}") = "Ask name", "AskName\Ask name.csproj", "{E7496631-6003-427A-863D-9EABFBA3F12E}"
EndProject
Project("{9A19103F-16F7-4668-BE54-9A1E7A4F7556}") = "WordsGame", "WordsGame\WordsGame.csproj", "{54C1C94B-DA6B-48B1-B11C-C504BD019B47}"
EndProject
Project("{9A19103F-16F7-4668-BE54-9A1E7A4F7556}") = "InhritanceAndStatic", "InhritanceAndStatic\InhritanceAndStatic.csproj", "{96619119-A847-483A-A95C-48619A6A9B7E}"
EndProject
Project("{FAE04EC0-301F-11D3-BF4B-00C04F79EFBC}") = "Generics", "Generics\Generics.csproj", "{B32D55D7-9134-4B50-84D2-85AB9F2B62C9}"
EndProject
Project("{FAE04EC0-301F-11D3-BF4B-00C04F79EFBC}") = "Static", "AnonymousTypesAndMethods\Static.csproj", "{3E945D76-E7F6-4C4B-BED9-730C9EEFD3A2}"
EndProject
Project("{FAE04EC0-301F-11D3-BF4B-00C04F79EFBC}") = "ConsoleApp1", "ConsoleApp1\ConsoleApp1.csproj", "{F857CCDA-CE24-4F0A-8701-657DDE661CD8}"
EndProject
Global
	GlobalSection(SolutionConfigurationPlatforms) = preSolution
		Debug|Any CPU = Debug|Any CPU
		Release|Any CPU = Release|Any CPU
	EndGlobalSection
	GlobalSection(ProjectConfigurationPlatforms) = postSolution
		{A5BD4F70-366D-4F32-9F89-FEC04D26DB95}.Debug|Any CPU.ActiveCfg = Debug|Any CPU
		{A5BD4F70-366D-4F32-9F89-FEC04D26DB95}.Debug|Any CPU.Build.0 = Debug|Any CPU
		{A5BD4F70-366D-4F32-9F89-FEC04D26DB95}.Release|Any CPU.ActiveCfg = Release|Any CPU
		{A5BD4F70-366D-4F32-9F89-FEC04D26DB95}.Release|Any CPU.Build.0 = Release|Any CPU
		{8B443702-FDBB-4953-9203-776EA7D0F798}.Debug|Any CPU.ActiveCfg = Debug|Any CPU
		{8B443702-FDBB-4953-9203-776EA7D0F798}.Debug|Any CPU.Build.0 = Debug|Any CPU
		{8B443702-FDBB-4953-9203-776EA7D0F798}.Release|Any CPU.ActiveCfg = Release|Any CPU
		{8B443702-FDBB-4953-9203-776EA7D0F798}.Release|Any CPU.Build.0 = Release|Any CPU
		{9FCB4683-72B0-40B6-B275-55C949DDFB51}.Debug|Any CPU.ActiveCfg = Debug|Any CPU
		{9FCB4683-72B0-40B6-B275-55C949DDFB51}.Debug|Any CPU.Build.0 = Debug|Any CPU
		{9FCB4683-72B0-40B6-B275-55C949DDFB51}.Release|Any CPU.ActiveCfg = Release|Any CPU
		{9FCB4683-72B0-40B6-B275-55C949DDFB51}.Release|Any CPU.Build.0 = Release|Any CPU
		{E7496631-6003-427A-863D-9EABFBA3F12E}.Debug|Any CPU.ActiveCfg = Debug|Any CPU
		{E7496631-6003-427A-863D-9EABFBA3F12E}.Debug|Any CPU.Build.0 = Debug|Any CPU
		{E7496631-6003-427A-863D-9EABFBA3F12E}.Release|Any CPU.ActiveCfg = Release|Any CPU
		{E7496631-6003-427A-863D-9EABFBA3F12E}.Release|Any CPU.Build.0 = Release|Any CPU
		{54C1C94B-DA6B-48B1-B11C-C504BD019B47}.Debug|Any CPU.ActiveCfg = Debug|Any CPU
		{54C1C94B-DA6B-48B1-B11C-C504BD019B47}.Debug|Any CPU.Build.0 = Debug|Any CPU
		{54C1C94B-DA6B-48B1-B11C-C504BD019B47}.Release|Any CPU.ActiveCfg = Release|Any CPU
		{54C1C94B-DA6B-48B1-B11C-C504BD019B47}.Release|Any CPU.Build.0 = Release|Any CPU
		{96619119-A847-483A-A95C-48619A6A9B7E}.Debug|Any CPU.ActiveCfg = Debug|Any CPU
		{96619119-A847-483A-A95C-48619A6A9B7E}.Debug|Any CPU.Build.0 = Debug|Any CPU
		{96619119-A847-483A-A95C-48619A6A9B7E}.Release|Any CPU.ActiveCfg = Release|Any CPU
		{96619119-A847-483A-A95C-48619A6A9B7E}.Release|Any CPU.Build.0 = Release|Any CPU
		{B32D55D7-9134-4B50-84D2-85AB9F2B62C9}.Debug|Any CPU.ActiveCfg = Debug|Any CPU
		{B32D55D7-9134-4B50-84D2-85AB9F2B62C9}.Debug|Any CPU.Build.0 = Debug|Any CPU
		{B32D55D7-9134-4B50-84D2-85AB9F2B62C9}.Release|Any CPU.ActiveCfg = Release|Any CPU
		{B32D55D7-9134-4B50-84D2-85AB9F2B62C9}.Release|Any CPU.Build.0 = Release|Any CPU
		{3E945D76-E7F6-4C4B-BED9-730C9EEFD3A2}.Debug|Any CPU.ActiveCfg = Debug|Any CPU
		{3E945D76-E7F6-4C4B-BED9-730C9EEFD3A2}.Debug|Any CPU.Build.0 = Debug|Any CPU
		{3E945D76-E7F6-4C4B-BED9-730C9EEFD3A2}.Release|Any CPU.ActiveCfg = Release|Any CPU
		{3E945D76-E7F6-4C4B-BED9-730C9EEFD3A2}.Release|Any CPU.Build.0 = Release|Any CPU
		{F857CCDA-CE24-4F0A-8701-657DDE661CD8}.Debug|Any CPU.ActiveCfg = Debug|Any CPU
		{F857CCDA-CE24-4F0A-8701-657DDE661CD8}.Debug|Any CPU.Build.0 = Debug|Any CPU
		{F857CCDA-CE24-4F0A-8701-657DDE661CD8}.Release|Any CPU.ActiveCfg = Release|Any CPU
		{F857CCDA-CE24-4F0A-8701-657DDE661CD8}.Release|Any CPU.Build.0 = Release|Any CPU
	EndGlobalSection
	GlobalSection(SolutionProperties) = preSolution
		HideSolutionNode = FALSE
	EndGlobalSection
	GlobalSection(ExtensibilityGlobals) = postSolution
		SolutionGuid = {80E749E9-BB0A-49E7-ACC2-2419C3194188}
	EndGlobalSection
EndGlobal
